
Microsoft Visual Studio Solution File, Format Version 12.00
# Visual Studio Version 16
VisualStudioVersion = 16.0.30804.86
MinimumVisualStudioVersion = 10.0.40219.1
Project("{FAE04EC0-301F-11D3-BF4B-00C04F79EFBC}") = "OOKP_Lab2", "OOKP_Lab2\OOKP_Lab2.csproj", "{4C1D6680-EAB5-4A79-90CE-622C08C90CDA}"
EndProject
Project("{2150E333-8FDC-42A3-9474-1A3956D46DE8}") = "Solution Items", "Solution Items", "{D8D6102D-0997-44A2-84CA-87722F77ADC3}"
EndProject
Global
	GlobalSection(SolutionConfigurationPlatforms) = preSolution
		Debug|Any CPU = Debug|Any CPU
		Release|Any CPU = Release|Any CPU
	EndGlobalSection
	GlobalSection(ProjectConfigurationPlatforms) = postSolution
		{4C1D6680-EAB5-4A79-90CE-622C08C90CDA}.Debug|Any CPU.ActiveCfg = Debug|Any CPU
		{4C1D6680-EAB5-4A79-90CE-622C08C90CDA}.Debug|Any CPU.Build.0 = Debug|Any CPU
		{4C1D6680-EAB5-4A79-90CE-622C08C90CDA}.Release|Any CPU.ActiveCfg = Release|Any CPU
		{4C1D6680-EAB5-4A79-90CE-622C08C90CDA}.Release|Any CPU.Build.0 = Release|Any CPU
	EndGlobalSection
	GlobalSection(SolutionProperties) = preSolution
		HideSolutionNode = FALSE
	EndGlobalSection
	GlobalSection(ExtensibilityGlobals) = postSolution
		SolutionGuid = {7A386016-5000-4076-A8DE-1CFD1C561418}
	EndGlobalSection
EndGlobal
